
Microsoft Visual Studio Solution File, Format Version 12.00
# Visual Studio Version 17
VisualStudioVersion = 17.13.35806.99
MinimumVisualStudioVersion = 10.0.40219.1
Project("{FAE04EC0-301F-11D3-BF4B-00C04F79EFBC}") = "PointOfSaleSystem", "PointOfSaleSystem\PointOfSaleSystem.csproj", "{533D9409-067D-49B6-AEEE-E11D3927FA58}"
EndProject
Global
	GlobalSection(SolutionConfigurationPlatforms) = preSolution
		Debug|ARM64 = Debug|ARM64
		Debug|x64 = Debug|x64
		Debug|x86 = Debug|x86
		Release|ARM64 = Release|ARM64
		Release|x64 = Release|x64
		Release|x86 = Release|x86
	EndGlobalSection
	GlobalSection(ProjectConfigurationPlatforms) = postSolution
		{533D9409-067D-49B6-AEEE-E11D3927FA58}.Debug|ARM64.ActiveCfg = Debug|ARM64
		{533D9409-067D-49B6-AEEE-E11D3927FA58}.Debug|ARM64.Build.0 = Debug|ARM64
		{533D9409-067D-49B6-AEEE-E11D3927FA58}.Debug|ARM64.Deploy.0 = Debug|ARM64
		{533D9409-067D-49B6-AEEE-E11D3927FA58}.Debug|x64.ActiveCfg = Debug|x64
		{533D9409-067D-49B6-AEEE-E11D3927FA58}.Debug|x64.Build.0 = Debug|x64
		{533D9409-067D-49B6-AEEE-E11D3927FA58}.Debug|x64.Deploy.0 = Debug|x64
		{533D9409-067D-49B6-AEEE-E11D3927FA58}.Debug|x86.ActiveCfg = Debug|x86
		{533D9409-067D-49B6-AEEE-E11D3927FA58}.Debug|x86.Build.0 = Debug|x86
		{533D9409-067D-49B6-AEEE-E11D3927FA58}.Debug|x86.Deploy.0 = Debug|x86
		{533D9409-067D-49B6-AEEE-E11D3927FA58}.Release|ARM64.ActiveCfg = Release|ARM64
		{533D9409-067D-49B6-AEEE-E11D3927FA58}.Release|ARM64.Build.0 = Release|ARM64
		{533D9409-067D-49B6-AEEE-E11D3927FA58}.Release|ARM64.Deploy.0 = Release|ARM64
		{533D9409-067D-49B6-AEEE-E11D3927FA58}.Release|x64.ActiveCfg = Release|x64
		{533D9409-067D-49B6-AEEE-E11D3927FA58}.Release|x64.Build.0 = Release|x64
		{533D9409-067D-49B6-AEEE-E11D3927FA58}.Release|x64.Deploy.0 = Release|x64
		{533D9409-067D-49B6-AEEE-E11D3927FA58}.Release|x86.ActiveCfg = Release|x86
		{533D9409-067D-49B6-AEEE-E11D3927FA58}.Release|x86.Build.0 = Release|x86
		{533D9409-067D-49B6-AEEE-E11D3927FA58}.Release|x86.Deploy.0 = Release|x86
	EndGlobalSection
	GlobalSection(SolutionProperties) = preSolution
		HideSolutionNode = FALSE
	EndGlobalSection
	GlobalSection(ExtensibilityGlobals) = postSolution
		SolutionGuid = {1E438008-9E2A-469B-9684-E000185F6201}
	EndGlobalSection
EndGlobal
